<?xml version="1.0" encoding="utf-8"?>
<Project ToolsVersion="4.0" xmlns="http://schemas.microsoft.com/developer/msbuild/2003">
  <ItemGroup>
    <Filter Include="Teceo">
      <UniqueIdentifier>{551F280E-C133-50BF-8AB5-F31EF6884CF0}</UniqueIdentifier>
    </Filter>
  </ItemGroup>
  <ItemGroup>
    <ClInclude Include="src\Teceo.h" />
    <ClInclude Include="src\Teceo\Application.h">
      <Filter>Teceo</Filter>
    </ClInclude>
    <ClInclude Include="src\Teceo\Core.h">
      <Filter>Teceo</Filter>
    </ClInclude>
    <ClInclude Include="src\Teceo\EntryPoint.h">
      <Filter>Teceo</Filter>
    </ClInclude>
    <ClInclude Include="src\Teceo\Log.h">
      <Filter>Teceo</Filter>
    </ClInclude>
  </ItemGroup>
  <ItemGroup>
    <ClCompile Include="src\Teceo\Application.cpp">
      <Filter>Teceo</Filter>
    </ClCompile>
    <ClCompile Include="src\Teceo\Log.cpp">
      <Filter>Teceo</Filter>
    </ClCompile>
  </ItemGroup>
</Project>