<?xml version="1.0" encoding="utf-8"?>
<Project ToolsVersion="4.0" xmlns="http://schemas.microsoft.com/developer/msbuild/2003">
  <ItemGroup>
    <Filter Include="Teceo">
      <UniqueIdentifier>{551F280E-C133-50BF-8AB5-F31EF6884CF0}</UniqueIdentifier>
    </Filter>
    <Filter Include="Teceo\Events">
      <UniqueIdentifier>{999940C7-85FC-CF6B-2E82-08221AC49BEE}</UniqueIdentifier>
    </Filter>
  </ItemGroup>
  <ItemGroup>
    <ClInclude Include="src\Teceo.h" />
    <ClInclude Include="src\Teceo\Application.h">
      <Filter>Teceo</Filter>
    </ClInclude>
    <ClInclude Include="src\Teceo\Core.h">
      <Filter>Teceo</Filter>
    </ClInclude>
    <ClInclude Include="src\Teceo\EntryPoint.h">
      <Filter>Teceo</Filter>
    </ClInclude>
    <ClInclude Include="src\Teceo\Events\ApplicationEvent.h">
      <Filter>Teceo\Events</Filter>
    </ClInclude>
    <ClInclude Include="src\Teceo\Events\Event.h">
      <Filter>Teceo\Events</Filter>
    </ClInclude>
    <ClInclude Include="src\Teceo\Events\KeyEvent.h">
      <Filter>Teceo\Events</Filter>
    </ClInclude>
    <ClInclude Include="src\Teceo\Events\MouseEvent.h">
      <Filter>Teceo\Events</Filter>
    </ClInclude>
    <ClInclude Include="src\Teceo\Log.h">
      <Filter>Teceo</Filter>
    </ClInclude>
    <ClInclude Include="src\tcpch.h" />
  </ItemGroup>
  <ItemGroup>
    <ClCompile Include="src\Teceo\Application.cpp">
      <Filter>Teceo</Filter>
    </ClCompile>
    <ClCompile Include="src\Teceo\Log.cpp">
      <Filter>Teceo</Filter>
    </ClCompile>
    <ClCompile Include="src\tcpch.cpp" />
  </ItemGroup>
</Project>